// !$*UTF8*$!
{
	archiveVersion = 1;
	classes = {
	};
	objectVersion = 50;
	objects = {

/* Begin PBXBuildFile section */
		3E5329DC2438A1BA009C0A52 /* User.swift in Sources */ = {isa = PBXBuildFile; fileRef = 3E5329DB2438A1BA009C0A52 /* User.swift */; };
		3E5329DD2438A1BA009C0A52 /* User.swift in Sources */ = {isa = PBXBuildFile; fileRef = 3E5329DB2438A1BA009C0A52 /* User.swift */; };
		3E5329DE2438A1BA009C0A52 /* User.swift in Sources */ = {isa = PBXBuildFile; fileRef = 3E5329DB2438A1BA009C0A52 /* User.swift */; };
		3E5329E22438C021009C0A52 /* UserViewModel.swift in Sources */ = {isa = PBXBuildFile; fileRef = 3E5329E12438C021009C0A52 /* UserViewModel.swift */; };
		3E5329E32438C021009C0A52 /* UserViewModel.swift in Sources */ = {isa = PBXBuildFile; fileRef = 3E5329E12438C021009C0A52 /* UserViewModel.swift */; };
		3E5329E42438C021009C0A52 /* UserViewModel.swift in Sources */ = {isa = PBXBuildFile; fileRef = 3E5329E12438C021009C0A52 /* UserViewModel.swift */; };
		3E5329E62438C59F009C0A52 /* UserTableViewCell.swift in Sources */ = {isa = PBXBuildFile; fileRef = 3E5329E52438C59F009C0A52 /* UserTableViewCell.swift */; };
		3E5329E72438C59F009C0A52 /* UserTableViewCell.swift in Sources */ = {isa = PBXBuildFile; fileRef = 3E5329E52438C59F009C0A52 /* UserTableViewCell.swift */; };
		3E5329E82438C59F009C0A52 /* UserTableViewCell.swift in Sources */ = {isa = PBXBuildFile; fileRef = 3E5329E52438C59F009C0A52 /* UserTableViewCell.swift */; };
		3E5329EA2438C9DC009C0A52 /* UserFlowProtocols.swift in Sources */ = {isa = PBXBuildFile; fileRef = 3E5329E92438C9DC009C0A52 /* UserFlowProtocols.swift */; };
		3E5329EB2438C9DC009C0A52 /* UserFlowProtocols.swift in Sources */ = {isa = PBXBuildFile; fileRef = 3E5329E92438C9DC009C0A52 /* UserFlowProtocols.swift */; };
		3E5329EC2438C9DC009C0A52 /* UserFlowProtocols.swift in Sources */ = {isa = PBXBuildFile; fileRef = 3E5329E92438C9DC009C0A52 /* UserFlowProtocols.swift */; };
		3E53A728243C928200ED77C4 /* Date+ToString.swift in Sources */ = {isa = PBXBuildFile; fileRef = 3E53A727243C928200ED77C4 /* Date+ToString.swift */; };
		3E53A72A243C954A00ED77C4 /* Navigation.swift in Sources */ = {isa = PBXBuildFile; fileRef = 3E53A729243C954A00ED77C4 /* Navigation.swift */; };
		3E53A72C243C9FB200ED77C4 /* UserRequest.swift in Sources */ = {isa = PBXBuildFile; fileRef = 3E53A72B243C9FB200ED77C4 /* UserRequest.swift */; };
		3E53A72D243C9FB200ED77C4 /* UserRequest.swift in Sources */ = {isa = PBXBuildFile; fileRef = 3E53A72B243C9FB200ED77C4 /* UserRequest.swift */; };
		3E53A72E243C9FB200ED77C4 /* UserRequest.swift in Sources */ = {isa = PBXBuildFile; fileRef = 3E53A72B243C9FB200ED77C4 /* UserRequest.swift */; };
		3E8FE82B243776B400495C22 /* AppDelegate.swift in Sources */ = {isa = PBXBuildFile; fileRef = 3E8FE82A243776B400495C22 /* AppDelegate.swift */; };
		3E8FE82F243776B400495C22 /* UserListViewController.swift in Sources */ = {isa = PBXBuildFile; fileRef = 3E8FE82E243776B400495C22 /* UserListViewController.swift */; };
		3E8FE831243776B400495C22 /* UserDetailsViewController.swift in Sources */ = {isa = PBXBuildFile; fileRef = 3E8FE830243776B400495C22 /* UserDetailsViewController.swift */; };
		3E8FE834243776B400495C22 /* Main.storyboard in Resources */ = {isa = PBXBuildFile; fileRef = 3E8FE832243776B400495C22 /* Main.storyboard */; };
		3E8FE836243776B800495C22 /* Assets.xcassets in Resources */ = {isa = PBXBuildFile; fileRef = 3E8FE835243776B800495C22 /* Assets.xcassets */; };
		3E8FE839243776B800495C22 /* LaunchScreen.storyboard in Resources */ = {isa = PBXBuildFile; fileRef = 3E8FE837243776B800495C22 /* LaunchScreen.storyboard */; };
		3E8FE844243776B900495C22 /* GithubUsersTests.swift in Sources */ = {isa = PBXBuildFile; fileRef = 3E8FE843243776B900495C22 /* GithubUsersTests.swift */; };
		3E8FE84F243776B900495C22 /* GithubUsersUITests.swift in Sources */ = {isa = PBXBuildFile; fileRef = 3E8FE84E243776B900495C22 /* GithubUsersUITests.swift */; };
		3E8FE85D243789CA00495C22 /* UserListLoadWorker.swift in Sources */ = {isa = PBXBuildFile; fileRef = 3E8FE85C243789CA00495C22 /* UserListLoadWorker.swift */; };
		3E8FE85E243789CA00495C22 /* UserListLoadWorker.swift in Sources */ = {isa = PBXBuildFile; fileRef = 3E8FE85C243789CA00495C22 /* UserListLoadWorker.swift */; };
		3E8FE85F243789CA00495C22 /* UserListLoadWorker.swift in Sources */ = {isa = PBXBuildFile; fileRef = 3E8FE85C243789CA00495C22 /* UserListLoadWorker.swift */; };
		3E8FE861243789F900495C22 /* AvatarLoadWorker.swift in Sources */ = {isa = PBXBuildFile; fileRef = 3E8FE860243789F900495C22 /* AvatarLoadWorker.swift */; };
		3E8FE862243789F900495C22 /* AvatarLoadWorker.swift in Sources */ = {isa = PBXBuildFile; fileRef = 3E8FE860243789F900495C22 /* AvatarLoadWorker.swift */; };
		3E8FE863243789F900495C22 /* AvatarLoadWorker.swift in Sources */ = {isa = PBXBuildFile; fileRef = 3E8FE860243789F900495C22 /* AvatarLoadWorker.swift */; };
		3E8FE86524378C2D00495C22 /* UserLoadWorker.swift in Sources */ = {isa = PBXBuildFile; fileRef = 3E8FE86424378C2D00495C22 /* UserLoadWorker.swift */; };
		3E8FE86624378C2D00495C22 /* UserLoadWorker.swift in Sources */ = {isa = PBXBuildFile; fileRef = 3E8FE86424378C2D00495C22 /* UserLoadWorker.swift */; };
		3E8FE86724378C2D00495C22 /* UserLoadWorker.swift in Sources */ = {isa = PBXBuildFile; fileRef = 3E8FE86424378C2D00495C22 /* UserLoadWorker.swift */; };
		3E8FE8692437AEFF00495C22 /* NetworkManager.swift in Sources */ = {isa = PBXBuildFile; fileRef = 3E8FE8682437AEFF00495C22 /* NetworkManager.swift */; };
		3E8FE86A2437AEFF00495C22 /* NetworkManager.swift in Sources */ = {isa = PBXBuildFile; fileRef = 3E8FE8682437AEFF00495C22 /* NetworkManager.swift */; };
		3E8FE86B2437AEFF00495C22 /* NetworkManager.swift in Sources */ = {isa = PBXBuildFile; fileRef = 3E8FE8682437AEFF00495C22 /* NetworkManager.swift */; };
		3E8FE86D2437B58A00495C22 /* RequestProtocol.swift in Sources */ = {isa = PBXBuildFile; fileRef = 3E8FE86C2437B58A00495C22 /* RequestProtocol.swift */; };
		3E8FE86E2437B58A00495C22 /* RequestProtocol.swift in Sources */ = {isa = PBXBuildFile; fileRef = 3E8FE86C2437B58A00495C22 /* RequestProtocol.swift */; };
		3E8FE86F2437B58A00495C22 /* RequestProtocol.swift in Sources */ = {isa = PBXBuildFile; fileRef = 3E8FE86C2437B58A00495C22 /* RequestProtocol.swift */; };
		3EA6FB7A2438D2C3002BBBB1 /* URLComponents+Composable.swift in Sources */ = {isa = PBXBuildFile; fileRef = 3EA6FB792438D2C3002BBBB1 /* URLComponents+Composable.swift */; };
		3EA6FB7B2438D2C3002BBBB1 /* URLComponents+Composable.swift in Sources */ = {isa = PBXBuildFile; fileRef = 3EA6FB792438D2C3002BBBB1 /* URLComponents+Composable.swift */; };
		3EA6FB7C2438D2C3002BBBB1 /* URLComponents+Composable.swift in Sources */ = {isa = PBXBuildFile; fileRef = 3EA6FB792438D2C3002BBBB1 /* URLComponents+Composable.swift */; };
		3EA6FB7E2438D60E002BBBB1 /* UserListRequest.swift in Sources */ = {isa = PBXBuildFile; fileRef = 3EA6FB7D2438D60E002BBBB1 /* UserListRequest.swift */; };
		3EA6FB7F2438D60E002BBBB1 /* UserListRequest.swift in Sources */ = {isa = PBXBuildFile; fileRef = 3EA6FB7D2438D60E002BBBB1 /* UserListRequest.swift */; };
		3EA6FB802438D60E002BBBB1 /* UserListRequest.swift in Sources */ = {isa = PBXBuildFile; fileRef = 3EA6FB7D2438D60E002BBBB1 /* UserListRequest.swift */; };
		3EA6FB872438ECC1002BBBB1 /* Endpoints.swift in Sources */ = {isa = PBXBuildFile; fileRef = 3EA6FB862438ECC1002BBBB1 /* Endpoints.swift */; };
		3EA6FB882438ECC1002BBBB1 /* Endpoints.swift in Sources */ = {isa = PBXBuildFile; fileRef = 3EA6FB862438ECC1002BBBB1 /* Endpoints.swift */; };
		3EA6FB892438ECC1002BBBB1 /* Endpoints.swift in Sources */ = {isa = PBXBuildFile; fileRef = 3EA6FB862438ECC1002BBBB1 /* Endpoints.swift */; };
		3EDF53F0243B2796006E59C1 /* UIViewController+Alert.swift in Sources */ = {isa = PBXBuildFile; fileRef = 3EDF53EF243B2796006E59C1 /* UIViewController+Alert.swift */; };
		3EDF53F1243B2796006E59C1 /* UIViewController+Alert.swift in Sources */ = {isa = PBXBuildFile; fileRef = 3EDF53EF243B2796006E59C1 /* UIViewController+Alert.swift */; };
		3EDF53F2243B2796006E59C1 /* UIViewController+Alert.swift in Sources */ = {isa = PBXBuildFile; fileRef = 3EDF53EF243B2796006E59C1 /* UIViewController+Alert.swift */; };
		3EE80189243B9A3200E57E04 /* AvatarRequest.swift in Sources */ = {isa = PBXBuildFile; fileRef = 3EE80188243B9A3200E57E04 /* AvatarRequest.swift */; };
		3EE8018A243B9A3200E57E04 /* AvatarRequest.swift in Sources */ = {isa = PBXBuildFile; fileRef = 3EE80188243B9A3200E57E04 /* AvatarRequest.swift */; };
		3EE8018B243B9A3200E57E04 /* AvatarRequest.swift in Sources */ = {isa = PBXBuildFile; fileRef = 3EE80188243B9A3200E57E04 /* AvatarRequest.swift */; };
		3EFED92E243A0A4E00E24AFE /* Download.swift in Sources */ = {isa = PBXBuildFile; fileRef = 3EFED92D243A0A4E00E24AFE /* Download.swift */; };
		3EFED92F243A0A4E00E24AFE /* Download.swift in Sources */ = {isa = PBXBuildFile; fileRef = 3EFED92D243A0A4E00E24AFE /* Download.swift */; };
		3EFED930243A0A4E00E24AFE /* Download.swift in Sources */ = {isa = PBXBuildFile; fileRef = 3EFED92D243A0A4E00E24AFE /* Download.swift */; };
		3EFED932243A1C0100E24AFE /* PathManager.swift in Sources */ = {isa = PBXBuildFile; fileRef = 3EFED931243A1C0100E24AFE /* PathManager.swift */; };
		3EFED933243A1C0100E24AFE /* PathManager.swift in Sources */ = {isa = PBXBuildFile; fileRef = 3EFED931243A1C0100E24AFE /* PathManager.swift */; };
		3EFED934243A1C0100E24AFE /* PathManager.swift in Sources */ = {isa = PBXBuildFile; fileRef = 3EFED931243A1C0100E24AFE /* PathManager.swift */; };
		3EFED936243A351800E24AFE /* Reachability.swift in Sources */ = {isa = PBXBuildFile; fileRef = 3EFED935243A351800E24AFE /* Reachability.swift */; };
		3EFED937243A351800E24AFE /* Reachability.swift in Sources */ = {isa = PBXBuildFile; fileRef = 3EFED935243A351800E24AFE /* Reachability.swift */; };
		3EFED938243A351800E24AFE /* Reachability.swift in Sources */ = {isa = PBXBuildFile; fileRef = 3EFED935243A351800E24AFE /* Reachability.swift */; };
/* End PBXBuildFile section */

/* Begin PBXContainerItemProxy section */
		3E8FE840243776B900495C22 /* PBXContainerItemProxy */ = {
			isa = PBXContainerItemProxy;
			containerPortal = 3E8FE81F243776B400495C22 /* Project object */;
			proxyType = 1;
			remoteGlobalIDString = 3E8FE826243776B400495C22;
			remoteInfo = GithubUsers;
		};
		3E8FE84B243776B900495C22 /* PBXContainerItemProxy */ = {
			isa = PBXContainerItemProxy;
			containerPortal = 3E8FE81F243776B400495C22 /* Project object */;
			proxyType = 1;
			remoteGlobalIDString = 3E8FE826243776B400495C22;
			remoteInfo = GithubUsers;
		};
/* End PBXContainerItemProxy section */

/* Begin PBXFileReference section */
		3E5329DB2438A1BA009C0A52 /* User.swift */ = {isa = PBXFileReference; lastKnownFileType = sourcecode.swift; path = User.swift; sourceTree = "<group>"; };
		3E5329E12438C021009C0A52 /* UserViewModel.swift */ = {isa = PBXFileReference; lastKnownFileType = sourcecode.swift; path = UserViewModel.swift; sourceTree = "<group>"; };
		3E5329E52438C59F009C0A52 /* UserTableViewCell.swift */ = {isa = PBXFileReference; lastKnownFileType = sourcecode.swift; path = UserTableViewCell.swift; sourceTree = "<group>"; };
		3E5329E92438C9DC009C0A52 /* UserFlowProtocols.swift */ = {isa = PBXFileReference; lastKnownFileType = sourcecode.swift; path = UserFlowProtocols.swift; sourceTree = "<group>"; };
		3E53A727243C928200ED77C4 /* Date+ToString.swift */ = {isa = PBXFileReference; lastKnownFileType = sourcecode.swift; path = "Date+ToString.swift"; sourceTree = "<group>"; };
		3E53A729243C954A00ED77C4 /* Navigation.swift */ = {isa = PBXFileReference; lastKnownFileType = sourcecode.swift; path = Navigation.swift; sourceTree = "<group>"; };
		3E53A72B243C9FB200ED77C4 /* UserRequest.swift */ = {isa = PBXFileReference; lastKnownFileType = sourcecode.swift; path = UserRequest.swift; sourceTree = "<group>"; };
		3E8FE827243776B400495C22 /* GithubUsers.app */ = {isa = PBXFileReference; explicitFileType = wrapper.application; includeInIndex = 0; path = GithubUsers.app; sourceTree = BUILT_PRODUCTS_DIR; };
		3E8FE82A243776B400495C22 /* AppDelegate.swift */ = {isa = PBXFileReference; lastKnownFileType = sourcecode.swift; path = AppDelegate.swift; sourceTree = "<group>"; };
		3E8FE82E243776B400495C22 /* UserListViewController.swift */ = {isa = PBXFileReference; lastKnownFileType = sourcecode.swift; path = UserListViewController.swift; sourceTree = "<group>"; };
		3E8FE830243776B400495C22 /* UserDetailsViewController.swift */ = {isa = PBXFileReference; lastKnownFileType = sourcecode.swift; path = UserDetailsViewController.swift; sourceTree = "<group>"; };
		3E8FE833243776B400495C22 /* Base */ = {isa = PBXFileReference; lastKnownFileType = file.storyboard; name = Base; path = Base.lproj/Main.storyboard; sourceTree = "<group>"; };
		3E8FE835243776B800495C22 /* Assets.xcassets */ = {isa = PBXFileReference; lastKnownFileType = folder.assetcatalog; path = Assets.xcassets; sourceTree = "<group>"; };
		3E8FE838243776B800495C22 /* Base */ = {isa = PBXFileReference; lastKnownFileType = file.storyboard; name = Base; path = Base.lproj/LaunchScreen.storyboard; sourceTree = "<group>"; };
		3E8FE83A243776B800495C22 /* Info.plist */ = {isa = PBXFileReference; lastKnownFileType = text.plist.xml; path = Info.plist; sourceTree = "<group>"; };
		3E8FE83F243776B900495C22 /* GithubUsersTests.xctest */ = {isa = PBXFileReference; explicitFileType = wrapper.cfbundle; includeInIndex = 0; path = GithubUsersTests.xctest; sourceTree = BUILT_PRODUCTS_DIR; };
		3E8FE843243776B900495C22 /* GithubUsersTests.swift */ = {isa = PBXFileReference; lastKnownFileType = sourcecode.swift; path = GithubUsersTests.swift; sourceTree = "<group>"; };
		3E8FE845243776B900495C22 /* Info.plist */ = {isa = PBXFileReference; lastKnownFileType = text.plist.xml; path = Info.plist; sourceTree = "<group>"; };
		3E8FE84A243776B900495C22 /* GithubUsersUITests.xctest */ = {isa = PBXFileReference; explicitFileType = wrapper.cfbundle; includeInIndex = 0; path = GithubUsersUITests.xctest; sourceTree = BUILT_PRODUCTS_DIR; };
		3E8FE84E243776B900495C22 /* GithubUsersUITests.swift */ = {isa = PBXFileReference; lastKnownFileType = sourcecode.swift; path = GithubUsersUITests.swift; sourceTree = "<group>"; };
		3E8FE850243776B900495C22 /* Info.plist */ = {isa = PBXFileReference; lastKnownFileType = text.plist.xml; path = Info.plist; sourceTree = "<group>"; };
		3E8FE85C243789CA00495C22 /* UserListLoadWorker.swift */ = {isa = PBXFileReference; lastKnownFileType = sourcecode.swift; path = UserListLoadWorker.swift; sourceTree = "<group>"; };
		3E8FE860243789F900495C22 /* AvatarLoadWorker.swift */ = {isa = PBXFileReference; lastKnownFileType = sourcecode.swift; path = AvatarLoadWorker.swift; sourceTree = "<group>"; };
		3E8FE86424378C2D00495C22 /* UserLoadWorker.swift */ = {isa = PBXFileReference; lastKnownFileType = sourcecode.swift; path = UserLoadWorker.swift; sourceTree = "<group>"; };
		3E8FE8682437AEFF00495C22 /* NetworkManager.swift */ = {isa = PBXFileReference; lastKnownFileType = sourcecode.swift; path = NetworkManager.swift; sourceTree = "<group>"; };
		3E8FE86C2437B58A00495C22 /* RequestProtocol.swift */ = {isa = PBXFileReference; lastKnownFileType = sourcecode.swift; path = RequestProtocol.swift; sourceTree = "<group>"; };
		3EA6FB792438D2C3002BBBB1 /* URLComponents+Composable.swift */ = {isa = PBXFileReference; lastKnownFileType = sourcecode.swift; path = "URLComponents+Composable.swift"; sourceTree = "<group>"; };
		3EA6FB7D2438D60E002BBBB1 /* UserListRequest.swift */ = {isa = PBXFileReference; lastKnownFileType = sourcecode.swift; path = UserListRequest.swift; sourceTree = "<group>"; };
		3EA6FB862438ECC1002BBBB1 /* Endpoints.swift */ = {isa = PBXFileReference; lastKnownFileType = sourcecode.swift; path = Endpoints.swift; sourceTree = "<group>"; };
		3EDF53EF243B2796006E59C1 /* UIViewController+Alert.swift */ = {isa = PBXFileReference; lastKnownFileType = sourcecode.swift; path = "UIViewController+Alert.swift"; sourceTree = "<group>"; };
		3EE80188243B9A3200E57E04 /* AvatarRequest.swift */ = {isa = PBXFileReference; lastKnownFileType = sourcecode.swift; path = AvatarRequest.swift; sourceTree = "<group>"; };
		3EFED92D243A0A4E00E24AFE /* Download.swift */ = {isa = PBXFileReference; lastKnownFileType = sourcecode.swift; path = Download.swift; sourceTree = "<group>"; };
		3EFED931243A1C0100E24AFE /* PathManager.swift */ = {isa = PBXFileReference; lastKnownFileType = sourcecode.swift; path = PathManager.swift; sourceTree = "<group>"; };
		3EFED935243A351800E24AFE /* Reachability.swift */ = {isa = PBXFileReference; lastKnownFileType = sourcecode.swift; path = Reachability.swift; sourceTree = "<group>"; };
/* End PBXFileReference section */

/* Begin PBXFrameworksBuildPhase section */
		3E8FE824243776B400495C22 /* Frameworks */ = {
			isa = PBXFrameworksBuildPhase;
			buildActionMask = 2147483647;
			files = (
			);
			runOnlyForDeploymentPostprocessing = 0;
		};
		3E8FE83C243776B900495C22 /* Frameworks */ = {
			isa = PBXFrameworksBuildPhase;
			buildActionMask = 2147483647;
			files = (
			);
			runOnlyForDeploymentPostprocessing = 0;
		};
		3E8FE847243776B900495C22 /* Frameworks */ = {
			isa = PBXFrameworksBuildPhase;
			buildActionMask = 2147483647;
			files = (
			);
			runOnlyForDeploymentPostprocessing = 0;
		};
/* End PBXFrameworksBuildPhase section */

/* Begin PBXGroup section */
		3E5329DF2438A1C1009C0A52 /* Models */ = {
			isa = PBXGroup;
			children = (
				3E5329DB2438A1BA009C0A52 /* User.swift */,
			);
			path = Models;
			sourceTree = "<group>";
		};
		3E5329E02438C005009C0A52 /* UsersFlow */ = {
			isa = PBXGroup;
			children = (
				3E8FE82E243776B400495C22 /* UserListViewController.swift */,
				3E5329E52438C59F009C0A52 /* UserTableViewCell.swift */,
				3E8FE830243776B400495C22 /* UserDetailsViewController.swift */,
				3E5329E12438C021009C0A52 /* UserViewModel.swift */,
				3E5329E92438C9DC009C0A52 /* UserFlowProtocols.swift */,
			);
			path = UsersFlow;
			sourceTree = "<group>";
		};
		3E53A72F243CA0B000ED77C4 /* User */ = {
			isa = PBXGroup;
			children = (
				3E8FE86424378C2D00495C22 /* UserLoadWorker.swift */,
				3E53A72B243C9FB200ED77C4 /* UserRequest.swift */,
			);
			path = User;
			sourceTree = "<group>";
		};
		3E8FE81E243776B400495C22 = {
			isa = PBXGroup;
			children = (
				3E8FE829243776B400495C22 /* GithubUsers */,
				3E8FE842243776B900495C22 /* GithubUsersTests */,
				3E8FE84D243776B900495C22 /* GithubUsersUITests */,
				3E8FE828243776B400495C22 /* Products */,
			);
			sourceTree = "<group>";
		};
		3E8FE828243776B400495C22 /* Products */ = {
			isa = PBXGroup;
			children = (
				3E8FE827243776B400495C22 /* GithubUsers.app */,
				3E8FE83F243776B900495C22 /* GithubUsersTests.xctest */,
				3E8FE84A243776B900495C22 /* GithubUsersUITests.xctest */,
			);
			name = Products;
			sourceTree = "<group>";
		};
		3E8FE829243776B400495C22 /* GithubUsers */ = {
			isa = PBXGroup;
			children = (
				3E8FE82A243776B400495C22 /* AppDelegate.swift */,
				3E5329E02438C005009C0A52 /* UsersFlow */,
				3E5329DF2438A1C1009C0A52 /* Models */,
				3EB4F3E3243BBE61002BEE9D /* Networking */,
				3E94CCF9243CBEDF00EE3329 /* Helpers */,
				3EB4F3E4243BBE76002BEE9D /* Extensions */,
				3E8FE832243776B400495C22 /* Main.storyboard */,
				3E8FE835243776B800495C22 /* Assets.xcassets */,
				3E8FE837243776B800495C22 /* LaunchScreen.storyboard */,
				3E8FE83A243776B800495C22 /* Info.plist */,
			);
			path = GithubUsers;
			sourceTree = "<group>";
		};
		3E8FE842243776B900495C22 /* GithubUsersTests */ = {
			isa = PBXGroup;
			children = (
				3E8FE843243776B900495C22 /* GithubUsersTests.swift */,
				3E8FE845243776B900495C22 /* Info.plist */,
			);
			path = GithubUsersTests;
			sourceTree = "<group>";
		};
		3E8FE84D243776B900495C22 /* GithubUsersUITests */ = {
			isa = PBXGroup;
			children = (
				3E8FE84E243776B900495C22 /* GithubUsersUITests.swift */,
				3E8FE850243776B900495C22 /* Info.plist */,
			);
			path = GithubUsersUITests;
			sourceTree = "<group>";
		};
		3E94CCF9243CBEDF00EE3329 /* Helpers */ = {
			isa = PBXGroup;
			children = (
				3EFED931243A1C0100E24AFE /* PathManager.swift */,
				3E53A729243C954A00ED77C4 /* Navigation.swift */,
			);
			path = Helpers;
			sourceTree = "<group>";
		};
		3EA6FB812438D615002BBBB1 /* Requests */ = {
			isa = PBXGroup;
			children = (
				3E53A72F243CA0B000ED77C4 /* User */,
				3EE80187243B9A1500E57E04 /* UserList */,
				3EE8018C243B9A3700E57E04 /* Avatar */,
			);
			path = Requests;
			sourceTree = "<group>";
		};
		3EB4F3E3243BBE61002BEE9D /* Networking */ = {
			isa = PBXGroup;
			children = (
				3EFED935243A351800E24AFE /* Reachability.swift */,
				3EA6FB862438ECC1002BBBB1 /* Endpoints.swift */,
				3E8FE8682437AEFF00495C22 /* NetworkManager.swift */,
				3EFED92D243A0A4E00E24AFE /* Download.swift */,
				3E8FE86C2437B58A00495C22 /* RequestProtocol.swift */,
				3EA6FB812438D615002BBBB1 /* Requests */,
			);
			path = Networking;
			sourceTree = "<group>";
		};
		3EB4F3E4243BBE76002BEE9D /* Extensions */ = {
			isa = PBXGroup;
			children = (
				3EA6FB792438D2C3002BBBB1 /* URLComponents+Composable.swift */,
				3EDF53EF243B2796006E59C1 /* UIViewController+Alert.swift */,
				3E53A727243C928200ED77C4 /* Date+ToString.swift */,
			);
			path = Extensions;
			sourceTree = "<group>";
		};
		3EE80187243B9A1500E57E04 /* UserList */ = {
			isa = PBXGroup;
			children = (
				3E8FE85C243789CA00495C22 /* UserListLoadWorker.swift */,
				3EA6FB7D2438D60E002BBBB1 /* UserListRequest.swift */,
			);
			path = UserList;
			sourceTree = "<group>";
		};
		3EE8018C243B9A3700E57E04 /* Avatar */ = {
			isa = PBXGroup;
			children = (
				3E8FE860243789F900495C22 /* AvatarLoadWorker.swift */,
				3EE80188243B9A3200E57E04 /* AvatarRequest.swift */,
			);
			path = Avatar;
			sourceTree = "<group>";
		};
/* End PBXGroup section */

/* Begin PBXNativeTarget section */
		3E8FE826243776B400495C22 /* GithubUsers */ = {
			isa = PBXNativeTarget;
			buildConfigurationList = 3E8FE853243776B900495C22 /* Build configuration list for PBXNativeTarget "GithubUsers" */;
			buildPhases = (
				3E8FE823243776B400495C22 /* Sources */,
				3E8FE824243776B400495C22 /* Frameworks */,
				3E8FE825243776B400495C22 /* Resources */,
			);
			buildRules = (
			);
			dependencies = (
			);
			name = GithubUsers;
			productName = GithubUsers;
			productReference = 3E8FE827243776B400495C22 /* GithubUsers.app */;
			productType = "com.apple.product-type.application";
		};
		3E8FE83E243776B900495C22 /* GithubUsersTests */ = {
			isa = PBXNativeTarget;
			buildConfigurationList = 3E8FE856243776B900495C22 /* Build configuration list for PBXNativeTarget "GithubUsersTests" */;
			buildPhases = (
				3E8FE83B243776B900495C22 /* Sources */,
				3E8FE83C243776B900495C22 /* Frameworks */,
				3E8FE83D243776B900495C22 /* Resources */,
			);
			buildRules = (
			);
			dependencies = (
				3E8FE841243776B900495C22 /* PBXTargetDependency */,
			);
			name = GithubUsersTests;
			productName = GithubUsersTests;
			productReference = 3E8FE83F243776B900495C22 /* GithubUsersTests.xctest */;
			productType = "com.apple.product-type.bundle.unit-test";
		};
		3E8FE849243776B900495C22 /* GithubUsersUITests */ = {
			isa = PBXNativeTarget;
			buildConfigurationList = 3E8FE859243776B900495C22 /* Build configuration list for PBXNativeTarget "GithubUsersUITests" */;
			buildPhases = (
				3E8FE846243776B900495C22 /* Sources */,
				3E8FE847243776B900495C22 /* Frameworks */,
				3E8FE848243776B900495C22 /* Resources */,
			);
			buildRules = (
			);
			dependencies = (
				3E8FE84C243776B900495C22 /* PBXTargetDependency */,
			);
			name = GithubUsersUITests;
			productName = GithubUsersUITests;
			productReference = 3E8FE84A243776B900495C22 /* GithubUsersUITests.xctest */;
			productType = "com.apple.product-type.bundle.ui-testing";
		};
/* End PBXNativeTarget section */

/* Begin PBXProject section */
		3E8FE81F243776B400495C22 /* Project object */ = {
			isa = PBXProject;
			attributes = {
				LastSwiftUpdateCheck = 1140;
				LastUpgradeCheck = 1140;
				ORGANIZATIONNAME = "Nik Cane";
				TargetAttributes = {
					3E8FE826243776B400495C22 = {
						CreatedOnToolsVersion = 11.4;
					};
					3E8FE83E243776B900495C22 = {
						CreatedOnToolsVersion = 11.4;
						TestTargetID = 3E8FE826243776B400495C22;
					};
					3E8FE849243776B900495C22 = {
						CreatedOnToolsVersion = 11.4;
						TestTargetID = 3E8FE826243776B400495C22;
					};
				};
			};
			buildConfigurationList = 3E8FE822243776B400495C22 /* Build configuration list for PBXProject "GithubUsers" */;
			compatibilityVersion = "Xcode 9.3";
			developmentRegion = en;
			hasScannedForEncodings = 0;
			knownRegions = (
				en,
				Base,
			);
			mainGroup = 3E8FE81E243776B400495C22;
			productRefGroup = 3E8FE828243776B400495C22 /* Products */;
			projectDirPath = "";
			projectRoot = "";
			targets = (
				3E8FE826243776B400495C22 /* GithubUsers */,
				3E8FE83E243776B900495C22 /* GithubUsersTests */,
				3E8FE849243776B900495C22 /* GithubUsersUITests */,
			);
		};
/* End PBXProject section */

/* Begin PBXResourcesBuildPhase section */
		3E8FE825243776B400495C22 /* Resources */ = {
			isa = PBXResourcesBuildPhase;
			buildActionMask = 2147483647;
			files = (
				3E8FE839243776B800495C22 /* LaunchScreen.storyboard in Resources */,
				3E8FE836243776B800495C22 /* Assets.xcassets in Resources */,
				3E8FE834243776B400495C22 /* Main.storyboard in Resources */,
			);
			runOnlyForDeploymentPostprocessing = 0;
		};
		3E8FE83D243776B900495C22 /* Resources */ = {
			isa = PBXResourcesBuildPhase;
			buildActionMask = 2147483647;
			files = (
			);
			runOnlyForDeploymentPostprocessing = 0;
		};
		3E8FE848243776B900495C22 /* Resources */ = {
			isa = PBXResourcesBuildPhase;
			buildActionMask = 2147483647;
			files = (
			);
			runOnlyForDeploymentPostprocessing = 0;
		};
/* End PBXResourcesBuildPhase section */

/* Begin PBXSourcesBuildPhase section */
		3E8FE823243776B400495C22 /* Sources */ = {
			isa = PBXSourcesBuildPhase;
			buildActionMask = 2147483647;
			files = (
				3E5329E62438C59F009C0A52 /* UserTableViewCell.swift in Sources */,
				3E5329E22438C021009C0A52 /* UserViewModel.swift in Sources */,
				3EFED936243A351800E24AFE /* Reachability.swift in Sources */,
				3E53A72C243C9FB200ED77C4 /* UserRequest.swift in Sources */,
				3E53A72A243C954A00ED77C4 /* Navigation.swift in Sources */,
				3E5329EA2438C9DC009C0A52 /* UserFlowProtocols.swift in Sources */,
				3E8FE82B243776B400495C22 /* AppDelegate.swift in Sources */,
				3EA6FB7A2438D2C3002BBBB1 /* URLComponents+Composable.swift in Sources */,
				3E8FE861243789F900495C22 /* AvatarLoadWorker.swift in Sources */,
				3E8FE86D2437B58A00495C22 /* RequestProtocol.swift in Sources */,
				3E8FE82F243776B400495C22 /* UserListViewController.swift in Sources */,
				3EFED92E243A0A4E00E24AFE /* Download.swift in Sources */,
				3EE80189243B9A3200E57E04 /* AvatarRequest.swift in Sources */,
				3E53A728243C928200ED77C4 /* Date+ToString.swift in Sources */,
				3E8FE8692437AEFF00495C22 /* NetworkManager.swift in Sources */,
				3E8FE85D243789CA00495C22 /* UserListLoadWorker.swift in Sources */,
				3E8FE831243776B400495C22 /* UserDetailsViewController.swift in Sources */,
				3E8FE86524378C2D00495C22 /* UserLoadWorker.swift in Sources */,
				3EA6FB7E2438D60E002BBBB1 /* UserListRequest.swift in Sources */,
				3EA6FB872438ECC1002BBBB1 /* Endpoints.swift in Sources */,
				3EDF53F0243B2796006E59C1 /* UIViewController+Alert.swift in Sources */,
				3EFED932243A1C0100E24AFE /* PathManager.swift in Sources */,
				3E5329DC2438A1BA009C0A52 /* User.swift in Sources */,
			);
			runOnlyForDeploymentPostprocessing = 0;
		};
		3E8FE83B243776B900495C22 /* Sources */ = {
			isa = PBXSourcesBuildPhase;
			buildActionMask = 2147483647;
			files = (
				3E5329E72438C59F009C0A52 /* UserTableViewCell.swift in Sources */,
				3E8FE86E2437B58A00495C22 /* RequestProtocol.swift in Sources */,
				3E5329EB2438C9DC009C0A52 /* UserFlowProtocols.swift in Sources */,
				3EDF53F1243B2796006E59C1 /* UIViewController+Alert.swift in Sources */,
				3E53A72D243C9FB200ED77C4 /* UserRequest.swift in Sources */,
				3E8FE86624378C2D00495C22 /* UserLoadWorker.swift in Sources */,
				3EFED933243A1C0100E24AFE /* PathManager.swift in Sources */,
				3E8FE85E243789CA00495C22 /* UserListLoadWorker.swift in Sources */,
				3EFED937243A351800E24AFE /* Reachability.swift in Sources */,
				3E8FE86A2437AEFF00495C22 /* NetworkManager.swift in Sources */,
				3E5329DD2438A1BA009C0A52 /* User.swift in Sources */,
				3E8FE844243776B900495C22 /* GithubUsersTests.swift in Sources */,
				3E8FE862243789F900495C22 /* AvatarLoadWorker.swift in Sources */,
				3EFED92F243A0A4E00E24AFE /* Download.swift in Sources */,
				3E5329E32438C021009C0A52 /* UserViewModel.swift in Sources */,
				3EA6FB882438ECC1002BBBB1 /* Endpoints.swift in Sources */,
				3EA6FB7B2438D2C3002BBBB1 /* URLComponents+Composable.swift in Sources */,
				3EE8018A243B9A3200E57E04 /* AvatarRequest.swift in Sources */,
				3EA6FB7F2438D60E002BBBB1 /* UserListRequest.swift in Sources */,
			);
			runOnlyForDeploymentPostprocessing = 0;
		};
		3E8FE846243776B900495C22 /* Sources */ = {
			isa = PBXSourcesBuildPhase;
			buildActionMask = 2147483647;
			files = (
				3E5329E82438C59F009C0A52 /* UserTableViewCell.swift in Sources */,
				3E8FE86F2437B58A00495C22 /* RequestProtocol.swift in Sources */,
				3E5329EC2438C9DC009C0A52 /* UserFlowProtocols.swift in Sources */,
				3EDF53F2243B2796006E59C1 /* UIViewController+Alert.swift in Sources */,
				3E53A72E243C9FB200ED77C4 /* UserRequest.swift in Sources */,
				3E8FE86724378C2D00495C22 /* UserLoadWorker.swift in Sources */,
				3EFED934243A1C0100E24AFE /* PathManager.swift in Sources */,
				3E8FE85F243789CA00495C22 /* UserListLoadWorker.swift in Sources */,
				3EFED938243A351800E24AFE /* Reachability.swift in Sources */,
				3E8FE86B2437AEFF00495C22 /* NetworkManager.swift in Sources */,
				3E5329DE2438A1BA009C0A52 /* User.swift in Sources */,
				3E8FE84F243776B900495C22 /* GithubUsersUITests.swift in Sources */,
				3E8FE863243789F900495C22 /* AvatarLoadWorker.swift in Sources */,
				3EFED930243A0A4E00E24AFE /* Download.swift in Sources */,
				3E5329E42438C021009C0A52 /* UserViewModel.swift in Sources */,
				3EA6FB892438ECC1002BBBB1 /* Endpoints.swift in Sources */,
				3EA6FB7C2438D2C3002BBBB1 /* URLComponents+Composable.swift in Sources */,
				3EE8018B243B9A3200E57E04 /* AvatarRequest.swift in Sources */,
				3EA6FB802438D60E002BBBB1 /* UserListRequest.swift in Sources */,
			);
			runOnlyForDeploymentPostprocessing = 0;
		};
/* End PBXSourcesBuildPhase section */

/* Begin PBXTargetDependency section */
		3E8FE841243776B900495C22 /* PBXTargetDependency */ = {
			isa = PBXTargetDependency;
			target = 3E8FE826243776B400495C22 /* GithubUsers */;
			targetProxy = 3E8FE840243776B900495C22 /* PBXContainerItemProxy */;
		};
		3E8FE84C243776B900495C22 /* PBXTargetDependency */ = {
			isa = PBXTargetDependency;
			target = 3E8FE826243776B400495C22 /* GithubUsers */;
			targetProxy = 3E8FE84B243776B900495C22 /* PBXContainerItemProxy */;
		};
/* End PBXTargetDependency section */

/* Begin PBXVariantGroup section */
		3E8FE832243776B400495C22 /* Main.storyboard */ = {
			isa = PBXVariantGroup;
			children = (
				3E8FE833243776B400495C22 /* Base */,
			);
			name = Main.storyboard;
			sourceTree = "<group>";
		};
		3E8FE837243776B800495C22 /* LaunchScreen.storyboard */ = {
			isa = PBXVariantGroup;
			children = (
				3E8FE838243776B800495C22 /* Base */,
			);
			name = LaunchScreen.storyboard;
			sourceTree = "<group>";
		};
/* End PBXVariantGroup section */

/* Begin XCBuildConfiguration section */
		3E8FE851243776B900495C22 /* Debug */ = {
			isa = XCBuildConfiguration;
			buildSettings = {
				ALWAYS_SEARCH_USER_PATHS = NO;
				CLANG_ANALYZER_NONNULL = YES;
				CLANG_ANALYZER_NUMBER_OBJECT_CONVERSION = YES_AGGRESSIVE;
				CLANG_CXX_LANGUAGE_STANDARD = "gnu++14";
				CLANG_CXX_LIBRARY = "libc++";
				CLANG_ENABLE_MODULES = YES;
				CLANG_ENABLE_OBJC_ARC = YES;
				CLANG_ENABLE_OBJC_WEAK = YES;
				CLANG_WARN_BLOCK_CAPTURE_AUTORELEASING = YES;
				CLANG_WARN_BOOL_CONVERSION = YES;
				CLANG_WARN_COMMA = YES;
				CLANG_WARN_CONSTANT_CONVERSION = YES;
				CLANG_WARN_DEPRECATED_OBJC_IMPLEMENTATIONS = YES;
				CLANG_WARN_DIRECT_OBJC_ISA_USAGE = YES_ERROR;
				CLANG_WARN_DOCUMENTATION_COMMENTS = YES;
				CLANG_WARN_EMPTY_BODY = YES;
				CLANG_WARN_ENUM_CONVERSION = YES;
				CLANG_WARN_INFINITE_RECURSION = YES;
				CLANG_WARN_INT_CONVERSION = YES;
				CLANG_WARN_NON_LITERAL_NULL_CONVERSION = YES;
				CLANG_WARN_OBJC_IMPLICIT_RETAIN_SELF = YES;
				CLANG_WARN_OBJC_LITERAL_CONVERSION = YES;
				CLANG_WARN_OBJC_ROOT_CLASS = YES_ERROR;
				CLANG_WARN_RANGE_LOOP_ANALYSIS = YES;
				CLANG_WARN_STRICT_PROTOTYPES = YES;
				CLANG_WARN_SUSPICIOUS_MOVE = YES;
				CLANG_WARN_UNGUARDED_AVAILABILITY = YES_AGGRESSIVE;
				CLANG_WARN_UNREACHABLE_CODE = YES;
				CLANG_WARN__DUPLICATE_METHOD_MATCH = YES;
				COPY_PHASE_STRIP = NO;
				DEBUG_INFORMATION_FORMAT = dwarf;
				ENABLE_STRICT_OBJC_MSGSEND = YES;
				ENABLE_TESTABILITY = YES;
				GCC_C_LANGUAGE_STANDARD = gnu11;
				GCC_DYNAMIC_NO_PIC = NO;
				GCC_NO_COMMON_BLOCKS = YES;
				GCC_OPTIMIZATION_LEVEL = 0;
				GCC_PREPROCESSOR_DEFINITIONS = (
					"DEBUG=1",
					"$(inherited)",
				);
				GCC_WARN_64_TO_32_BIT_CONVERSION = YES;
				GCC_WARN_ABOUT_RETURN_TYPE = YES_ERROR;
				GCC_WARN_UNDECLARED_SELECTOR = YES;
				GCC_WARN_UNINITIALIZED_AUTOS = YES_AGGRESSIVE;
				GCC_WARN_UNUSED_FUNCTION = YES;
				GCC_WARN_UNUSED_VARIABLE = YES;
				IPHONEOS_DEPLOYMENT_TARGET = 10.0;
				MTL_ENABLE_DEBUG_INFO = INCLUDE_SOURCE;
				MTL_FAST_MATH = YES;
				ONLY_ACTIVE_ARCH = YES;
				SDKROOT = iphoneos;
				SWIFT_ACTIVE_COMPILATION_CONDITIONS = DEBUG;
				SWIFT_OPTIMIZATION_LEVEL = "-Onone";
			};
			name = Debug;
		};
		3E8FE852243776B900495C22 /* Release */ = {
			isa = XCBuildConfiguration;
			buildSettings = {
				ALWAYS_SEARCH_USER_PATHS = NO;
				CLANG_ANALYZER_NONNULL = YES;
				CLANG_ANALYZER_NUMBER_OBJECT_CONVERSION = YES_AGGRESSIVE;
				CLANG_CXX_LANGUAGE_STANDARD = "gnu++14";
				CLANG_CXX_LIBRARY = "libc++";
				CLANG_ENABLE_MODULES = YES;
				CLANG_ENABLE_OBJC_ARC = YES;
				CLANG_ENABLE_OBJC_WEAK = YES;
				CLANG_WARN_BLOCK_CAPTURE_AUTORELEASING = YES;
				CLANG_WARN_BOOL_CONVERSION = YES;
				CLANG_WARN_COMMA = YES;
				CLANG_WARN_CONSTANT_CONVERSION = YES;
				CLANG_WARN_DEPRECATED_OBJC_IMPLEMENTATIONS = YES;
				CLANG_WARN_DIRECT_OBJC_ISA_USAGE = YES_ERROR;
				CLANG_WARN_DOCUMENTATION_COMMENTS = YES;
				CLANG_WARN_EMPTY_BODY = YES;
				CLANG_WARN_ENUM_CONVERSION = YES;
				CLANG_WARN_INFINITE_RECURSION = YES;
				CLANG_WARN_INT_CONVERSION = YES;
				CLANG_WARN_NON_LITERAL_NULL_CONVERSION = YES;
				CLANG_WARN_OBJC_IMPLICIT_RETAIN_SELF = YES;
				CLANG_WARN_OBJC_LITERAL_CONVERSION = YES;
				CLANG_WARN_OBJC_ROOT_CLASS = YES_ERROR;
				CLANG_WARN_RANGE_LOOP_ANALYSIS = YES;
				CLANG_WARN_STRICT_PROTOTYPES = YES;
				CLANG_WARN_SUSPICIOUS_MOVE = YES;
				CLANG_WARN_UNGUARDED_AVAILABILITY = YES_AGGRESSIVE;
				CLANG_WARN_UNREACHABLE_CODE = YES;
				CLANG_WARN__DUPLICATE_METHOD_MATCH = YES;
				COPY_PHASE_STRIP = NO;
				DEBUG_INFORMATION_FORMAT = "dwarf-with-dsym";
				ENABLE_NS_ASSERTIONS = NO;
				ENABLE_STRICT_OBJC_MSGSEND = YES;
				GCC_C_LANGUAGE_STANDARD = gnu11;
				GCC_NO_COMMON_BLOCKS = YES;
				GCC_WARN_64_TO_32_BIT_CONVERSION = YES;
				GCC_WARN_ABOUT_RETURN_TYPE = YES_ERROR;
				GCC_WARN_UNDECLARED_SELECTOR = YES;
				GCC_WARN_UNINITIALIZED_AUTOS = YES_AGGRESSIVE;
				GCC_WARN_UNUSED_FUNCTION = YES;
				GCC_WARN_UNUSED_VARIABLE = YES;
				IPHONEOS_DEPLOYMENT_TARGET = 10.0;
				MTL_ENABLE_DEBUG_INFO = NO;
				MTL_FAST_MATH = YES;
				SDKROOT = iphoneos;
				SWIFT_COMPILATION_MODE = wholemodule;
				SWIFT_OPTIMIZATION_LEVEL = "-O";
				VALIDATE_PRODUCT = YES;
			};
			name = Release;
		};
		3E8FE854243776B900495C22 /* Debug */ = {
			isa = XCBuildConfiguration;
			buildSettings = {
				ASSETCATALOG_COMPILER_APPICON_NAME = AppIcon;
				CODE_SIGN_STYLE = Automatic;
				DEVELOPMENT_TEAM = M34W9ZSE82;
				INFOPLIST_FILE = GithubUsers/Info.plist;
				LD_RUNPATH_SEARCH_PATHS = (
					"$(inherited)",
					"@executable_path/Frameworks",
				);
				PRODUCT_BUNDLE_IDENTIFIER = com.homedev.org.GithubUsers;
				PRODUCT_NAME = "$(TARGET_NAME)";
				SWIFT_VERSION = 5.0;
				TARGETED_DEVICE_FAMILY = "1,2";
			};
			name = Debug;
		};
		3E8FE855243776B900495C22 /* Release */ = {
			isa = XCBuildConfiguration;
			buildSettings = {
				ASSETCATALOG_COMPILER_APPICON_NAME = AppIcon;
				CODE_SIGN_STYLE = Automatic;
				DEVELOPMENT_TEAM = M34W9ZSE82;
				INFOPLIST_FILE = GithubUsers/Info.plist;
				LD_RUNPATH_SEARCH_PATHS = (
					"$(inherited)",
					"@executable_path/Frameworks",
				);
				PRODUCT_BUNDLE_IDENTIFIER = com.homedev.org.GithubUsers;
				PRODUCT_NAME = "$(TARGET_NAME)";
				SWIFT_VERSION = 5.0;
				TARGETED_DEVICE_FAMILY = "1,2";
			};
			name = Release;
		};
		3E8FE857243776B900495C22 /* Debug */ = {
			isa = XCBuildConfiguration;
			buildSettings = {
				ALWAYS_EMBED_SWIFT_STANDARD_LIBRARIES = YES;
				BUNDLE_LOADER = "$(TEST_HOST)";
				CODE_SIGN_STYLE = Automatic;
				INFOPLIST_FILE = GithubUsersTests/Info.plist;
				IPHONEOS_DEPLOYMENT_TARGET = 13.4;
				LD_RUNPATH_SEARCH_PATHS = (
					"$(inherited)",
					"@executable_path/Frameworks",
					"@loader_path/Frameworks",
				);
				PRODUCT_BUNDLE_IDENTIFIER = com.homedev.org.GithubUsersTests;
				PRODUCT_NAME = "$(TARGET_NAME)";
				SWIFT_VERSION = 5.0;
				TARGETED_DEVICE_FAMILY = "1,2";
				TEST_HOST = "$(BUILT_PRODUCTS_DIR)/GithubUsers.app/GithubUsers";
			};
			name = Debug;
		};
		3E8FE858243776B900495C22 /* Release */ = {
			isa = XCBuildConfiguration;
			buildSettings = {
				ALWAYS_EMBED_SWIFT_STANDARD_LIBRARIES = YES;
				BUNDLE_LOADER = "$(TEST_HOST)";
				CODE_SIGN_STYLE = Automatic;
				INFOPLIST_FILE = GithubUsersTests/Info.plist;
				IPHONEOS_DEPLOYMENT_TARGET = 13.4;
				LD_RUNPATH_SEARCH_PATHS = (
					"$(inherited)",
					"@executable_path/Frameworks",
					"@loader_path/Frameworks",
				);
				PRODUCT_BUNDLE_IDENTIFIER = com.homedev.org.GithubUsersTests;
				PRODUCT_NAME = "$(TARGET_NAME)";
				SWIFT_VERSION = 5.0;
				TARGETED_DEVICE_FAMILY = "1,2";
				TEST_HOST = "$(BUILT_PRODUCTS_DIR)/GithubUsers.app/GithubUsers";
			};
			name = Release;
		};
		3E8FE85A243776B900495C22 /* Debug */ = {
			isa = XCBuildConfiguration;
			buildSettings = {
				ALWAYS_EMBED_SWIFT_STANDARD_LIBRARIES = YES;
				CODE_SIGN_STYLE = Automatic;
				INFOPLIST_FILE = GithubUsersUITests/Info.plist;
				LD_RUNPATH_SEARCH_PATHS = (
					"$(inherited)",
					"@executable_path/Frameworks",
					"@loader_path/Frameworks",
				);
				PRODUCT_BUNDLE_IDENTIFIER = com.homedev.org.GithubUsersUITests;
				PRODUCT_NAME = "$(TARGET_NAME)";
				SWIFT_VERSION = 5.0;
				TARGETED_DEVICE_FAMILY = "1,2";
				TEST_TARGET_NAME = GithubUsers;
			};
			name = Debug;
		};
		3E8FE85B243776B900495C22 /* Release */ = {
			isa = XCBuildConfiguration;
			buildSettings = {
				ALWAYS_EMBED_SWIFT_STANDARD_LIBRARIES = YES;
				CODE_SIGN_STYLE = Automatic;
				INFOPLIST_FILE = GithubUsersUITests/Info.plist;
				LD_RUNPATH_SEARCH_PATHS = (
					"$(inherited)",
					"@executable_path/Frameworks",
					"@loader_path/Frameworks",
				);
				PRODUCT_BUNDLE_IDENTIFIER = com.homedev.org.GithubUsersUITests;
				PRODUCT_NAME = "$(TARGET_NAME)";
				SWIFT_VERSION = 5.0;
				TARGETED_DEVICE_FAMILY = "1,2";
				TEST_TARGET_NAME = GithubUsers;
			};
			name = Release;
		};
/* End XCBuildConfiguration section */

/* Begin XCConfigurationList section */
		3E8FE822243776B400495C22 /* Build configuration list for PBXProject "GithubUsers" */ = {
			isa = XCConfigurationList;
			buildConfigurations = (
				3E8FE851243776B900495C22 /* Debug */,
				3E8FE852243776B900495C22 /* Release */,
			);
			defaultConfigurationIsVisible = 0;
			defaultConfigurationName = Release;
		};
		3E8FE853243776B900495C22 /* Build configuration list for PBXNativeTarget "GithubUsers" */ = {
			isa = XCConfigurationList;
			buildConfigurations = (
				3E8FE854243776B900495C22 /* Debug */,
				3E8FE855243776B900495C22 /* Release */,
			);
			defaultConfigurationIsVisible = 0;
			defaultConfigurationName = Release;
		};
		3E8FE856243776B900495C22 /* Build configuration list for PBXNativeTarget "GithubUsersTests" */ = {
			isa = XCConfigurationList;
			buildConfigurations = (
				3E8FE857243776B900495C22 /* Debug */,
				3E8FE858243776B900495C22 /* Release */,
			);
			defaultConfigurationIsVisible = 0;
			defaultConfigurationName = Release;
		};
		3E8FE859243776B900495C22 /* Build configuration list for PBXNativeTarget "GithubUsersUITests" */ = {
			isa = XCConfigurationList;
			buildConfigurations = (
				3E8FE85A243776B900495C22 /* Debug */,
				3E8FE85B243776B900495C22 /* Release */,
			);
			defaultConfigurationIsVisible = 0;
			defaultConfigurationName = Release;
		};
/* End XCConfigurationList section */
	};
	rootObject = 3E8FE81F243776B400495C22 /* Project object */;
}
